{
    "_meta": {
        "hash": {
            "sha256": "4704553a32a47412bf231eaab5dc1aa3e74ac70cc10adeadc14412a44597d09d"
        },
        "pipfile-spec": 6,
        "requires": {
            "python_version": "3.10"
        },
        "sources": [
            {
                "name": "pypi",
                "url": "https://pypi.org/simple",
                "verify_ssl": true
            }
        ]
    },
    "default": {
        "pypandoc": {
            "hashes": [
                "sha256:31652073c7960c2b03570bd1e94f602ca9bc3e70099df5ead4cea98ff5151c1e",
                "sha256:4c7d71bf2f1ed122aac287113b5c4d537a33bbc3c1df5aed11a7d4a7ac074681"
            ],
            "index": "pypi",
            "markers": "python_version >= '3.6'",
            "version": "==1.13"
        }
    },
    "develop": {}
}
